
Microsoft Visual Studio Solution File, Format Version 12.00
# Visual Studio Version 17
VisualStudioVersion = 17.7.34221.43
MinimumVisualStudioVersion = 10.0.40219.1
Project("{9A19103F-16F7-4668-BE54-9A1E7A4F7556}") = "Backend application", "Backend application\Backend application.csproj", "{F02EC8DA-2A82-4AD0-ADDD-33068C2918CF}"
EndProject
Project("{9A19103F-16F7-4668-BE54-9A1E7A4F7556}") = "AntiplagiatLib", "AntiplagiatLib\AntiplagiatLib.csproj", "{AFBBC893-0295-4C22-A6C6-0F6EAE351596}"
EndProject
Project("{9A19103F-16F7-4668-BE54-9A1E7A4F7556}") = "Frontend", "Frontend\Frontend.csproj", "{D0397BF4-3E2D-4CAF-BA4A-D5EEDAE091BE}"
EndProject
Global
	GlobalSection(SolutionConfigurationPlatforms) = preSolution
		Debug|Any CPU = Debug|Any CPU
		Debug|x86 = Debug|x86
		Release|Any CPU = Release|Any CPU
		Release|x86 = Release|x86
	EndGlobalSection
	GlobalSection(ProjectConfigurationPlatforms) = postSolution
		{F02EC8DA-2A82-4AD0-ADDD-33068C2918CF}.Debug|Any CPU.ActiveCfg = Debug|Any CPU
		{F02EC8DA-2A82-4AD0-ADDD-33068C2918CF}.Debug|Any CPU.Build.0 = Debug|Any CPU
		{F02EC8DA-2A82-4AD0-ADDD-33068C2918CF}.Debug|x86.ActiveCfg = Debug|Any CPU
		{F02EC8DA-2A82-4AD0-ADDD-33068C2918CF}.Debug|x86.Build.0 = Debug|Any CPU
		{F02EC8DA-2A82-4AD0-ADDD-33068C2918CF}.Release|Any CPU.ActiveCfg = Release|Any CPU
		{F02EC8DA-2A82-4AD0-ADDD-33068C2918CF}.Release|Any CPU.Build.0 = Release|Any CPU
		{F02EC8DA-2A82-4AD0-ADDD-33068C2918CF}.Release|x86.ActiveCfg = Release|Any CPU
		{F02EC8DA-2A82-4AD0-ADDD-33068C2918CF}.Release|x86.Build.0 = Release|Any CPU
		{AFBBC893-0295-4C22-A6C6-0F6EAE351596}.Debug|Any CPU.ActiveCfg = Debug|Any CPU
		{AFBBC893-0295-4C22-A6C6-0F6EAE351596}.Debug|Any CPU.Build.0 = Debug|Any CPU
		{AFBBC893-0295-4C22-A6C6-0F6EAE351596}.Debug|x86.ActiveCfg = Debug|Any CPU
		{AFBBC893-0295-4C22-A6C6-0F6EAE351596}.Debug|x86.Build.0 = Debug|Any CPU
		{AFBBC893-0295-4C22-A6C6-0F6EAE351596}.Release|Any CPU.ActiveCfg = Release|Any CPU
		{AFBBC893-0295-4C22-A6C6-0F6EAE351596}.Release|Any CPU.Build.0 = Release|Any CPU
		{AFBBC893-0295-4C22-A6C6-0F6EAE351596}.Release|x86.ActiveCfg = Release|Any CPU
		{AFBBC893-0295-4C22-A6C6-0F6EAE351596}.Release|x86.Build.0 = Release|Any CPU
		{D0397BF4-3E2D-4CAF-BA4A-D5EEDAE091BE}.Debug|Any CPU.ActiveCfg = Debug|Any CPU
		{D0397BF4-3E2D-4CAF-BA4A-D5EEDAE091BE}.Debug|Any CPU.Build.0 = Debug|Any CPU
		{D0397BF4-3E2D-4CAF-BA4A-D5EEDAE091BE}.Debug|x86.ActiveCfg = Debug|Any CPU
		{D0397BF4-3E2D-4CAF-BA4A-D5EEDAE091BE}.Debug|x86.Build.0 = Debug|Any CPU
		{D0397BF4-3E2D-4CAF-BA4A-D5EEDAE091BE}.Release|Any CPU.ActiveCfg = Release|Any CPU
		{D0397BF4-3E2D-4CAF-BA4A-D5EEDAE091BE}.Release|Any CPU.Build.0 = Release|Any CPU
		{D0397BF4-3E2D-4CAF-BA4A-D5EEDAE091BE}.Release|x86.ActiveCfg = Release|Any CPU
		{D0397BF4-3E2D-4CAF-BA4A-D5EEDAE091BE}.Release|x86.Build.0 = Release|Any CPU
	EndGlobalSection
	GlobalSection(SolutionProperties) = preSolution
		HideSolutionNode = FALSE
	EndGlobalSection
	GlobalSection(ExtensibilityGlobals) = postSolution
		SolutionGuid = {67BACF40-EF3F-43CC-9B46-7E619D91EA55}
	EndGlobalSection
EndGlobal
